
Microsoft Visual Studio Solution File, Format Version 12.00
# Visual Studio Version 17
VisualStudioVersion = 17.14.36915.13 d17.14
MinimumVisualStudioVersion = 10.0.40219.1
Project("{FAE04EC0-301F-11D3-BF4B-00C04F79EFBC}") = "OSLab5", "OSLab5.csproj", "{EDA98C47-38D6-4D9C-9672-6BE6F7D4BB46}"
EndProject
Global
	GlobalSection(SolutionConfigurationPlatforms) = preSolution
		Debug|Any CPU = Debug|Any CPU
		Release|Any CPU = Release|Any CPU
	EndGlobalSection
	GlobalSection(ProjectConfigurationPlatforms) = postSolution
		{EDA98C47-38D6-4D9C-9672-6BE6F7D4BB46}.Debug|Any CPU.ActiveCfg = Debug|Any CPU
		{EDA98C47-38D6-4D9C-9672-6BE6F7D4BB46}.Debug|Any CPU.Build.0 = Debug|Any CPU
		{EDA98C47-38D6-4D9C-9672-6BE6F7D4BB46}.Release|Any CPU.ActiveCfg = Release|Any CPU
		{EDA98C47-38D6-4D9C-9672-6BE6F7D4BB46}.Release|Any CPU.Build.0 = Release|Any CPU
	EndGlobalSection
	GlobalSection(SolutionProperties) = preSolution
		HideSolutionNode = FALSE
	EndGlobalSection
	GlobalSection(ExtensibilityGlobals) = postSolution
		SolutionGuid = {53C1B22C-11D9-437B-963E-83A846922EEF}
	EndGlobalSection
EndGlobal
