
Microsoft Visual Studio Solution File, Format Version 12.00
# Visual Studio Version 17
VisualStudioVersion = 17.14.36915.13 d17.14
MinimumVisualStudioVersion = 10.0.40219.1
Project("{FAE04EC0-301F-11D3-BF4B-00C04F79EFBC}") = "OSlab3", "OSlab3.csproj", "{00541EE0-A1EA-46DF-9D10-193B7837F0C4}"
EndProject
Global
	GlobalSection(SolutionConfigurationPlatforms) = preSolution
		Debug|Any CPU = Debug|Any CPU
		Release|Any CPU = Release|Any CPU
	EndGlobalSection
	GlobalSection(ProjectConfigurationPlatforms) = postSolution
		{00541EE0-A1EA-46DF-9D10-193B7837F0C4}.Debug|Any CPU.ActiveCfg = Debug|Any CPU
		{00541EE0-A1EA-46DF-9D10-193B7837F0C4}.Debug|Any CPU.Build.0 = Debug|Any CPU
		{00541EE0-A1EA-46DF-9D10-193B7837F0C4}.Release|Any CPU.ActiveCfg = Release|Any CPU
		{00541EE0-A1EA-46DF-9D10-193B7837F0C4}.Release|Any CPU.Build.0 = Release|Any CPU
	EndGlobalSection
	GlobalSection(SolutionProperties) = preSolution
		HideSolutionNode = FALSE
	EndGlobalSection
	GlobalSection(ExtensibilityGlobals) = postSolution
		SolutionGuid = {CA3210C1-EF05-43BB-987D-C8D36C8D3246}
	EndGlobalSection
EndGlobal
